// !$*UTF8*$!
{
	archiveVersion = 1;
	classes = {
	};
	objectVersion = 46;
	objects = {

/* Begin PBXBuildFile section */
		04288BF31CCA08EE00ED2C43 /* AppDelegate.swift in Sources */ = {isa = PBXBuildFile; fileRef = 04288BF21CCA08EE00ED2C43 /* AppDelegate.swift */; };
		04288BF51CCA08EE00ED2C43 /* ViewController.swift in Sources */ = {isa = PBXBuildFile; fileRef = 04288BF41CCA08EE00ED2C43 /* ViewController.swift */; };
		04288BF81CCA08EE00ED2C43 /* Main.storyboard in Resources */ = {isa = PBXBuildFile; fileRef = 04288BF61CCA08EE00ED2C43 /* Main.storyboard */; };
		04288BFA1CCA08EE00ED2C43 /* Assets.xcassets in Resources */ = {isa = PBXBuildFile; fileRef = 04288BF91CCA08EE00ED2C43 /* Assets.xcassets */; };
		04288BFD1CCA08EE00ED2C43 /* LaunchScreen.storyboard in Resources */ = {isa = PBXBuildFile; fileRef = 04288BFB1CCA08EE00ED2C43 /* LaunchScreen.storyboard */; };
		04288C081CCA08EE00ED2C43 /* TestTests.swift in Sources */ = {isa = PBXBuildFile; fileRef = 04288C071CCA08EE00ED2C43 /* TestTests.swift */; };
		04288C131CCA08EE00ED2C43 /* TestUITests.swift in Sources */ = {isa = PBXBuildFile; fileRef = 04288C121CCA08EE00ED2C43 /* TestUITests.swift */; };
/* End PBXBuildFile section */

/* Begin PBXContainerItemProxy section */
		04288C041CCA08EE00ED2C43 /* PBXContainerItemProxy */ = {
			isa = PBXContainerItemProxy;
			containerPortal = 04288BE71CCA08EE00ED2C43 /* Project object */;
			proxyType = 1;
			remoteGlobalIDString = 04288BEE1CCA08EE00ED2C43;
			remoteInfo = Test;
		};
		04288C0F1CCA08EE00ED2C43 /* PBXContainerItemProxy */ = {
			isa = PBXContainerItemProxy;
			containerPortal = 04288BE71CCA08EE00ED2C43 /* Project object */;
			proxyType = 1;
			remoteGlobalIDString = 04288BEE1CCA08EE00ED2C43;
			remoteInfo = Test;
		};
/* End PBXContainerItemProxy section */

/* Begin PBXFileReference section */
		04288BEF1CCA08EE00ED2C43 /* Test.app */ = {isa = PBXFileReference; explicitFileType = wrapper.application; includeInIndex = 0; path = Test.app; sourceTree = BUILT_PRODUCTS_DIR; };
		04288BF21CCA08EE00ED2C43 /* AppDelegate.swift */ = {isa = PBXFileReference; lastKnownFileType = sourcecode.swift; path = AppDelegate.swift; sourceTree = "<group>"; };
		04288BF41CCA08EE00ED2C43 /* ViewController.swift */ = {isa = PBXFileReference; lastKnownFileType = sourcecode.swift; path = ViewController.swift; sourceTree = "<group>"; };
		04288BF71CCA08EE00ED2C43 /* Base */ = {isa = PBXFileReference; lastKnownFileType = file.storyboard; name = Base; path = Base.lproj/Main.storyboard; sourceTree = "<group>"; };
		04288BF91CCA08EE00ED2C43 /* Assets.xcassets */ = {isa = PBXFileReference; lastKnownFileType = folder.assetcatalog; path = Assets.xcassets; sourceTree = "<group>"; };
		04288BFC1CCA08EE00ED2C43 /* Base */ = {isa = PBXFileReference; lastKnownFileType = file.storyboard; name = Base; path = Base.lproj/LaunchScreen.storyboard; sourceTree = "<group>"; };
		04288BFE1CCA08EE00ED2C43 /* Info.plist */ = {isa = PBXFileReference; lastKnownFileType = text.plist.xml; path = Info.plist; sourceTree = "<group>"; };
		04288C031CCA08EE00ED2C43 /* TestTests.xctest */ = {isa = PBXFileReference; explicitFileType = wrapper.cfbundle; includeInIndex = 0; path = TestTests.xctest; sourceTree = BUILT_PRODUCTS_DIR; };
		04288C071CCA08EE00ED2C43 /* TestTests.swift */ = {isa = PBXFileReference; lastKnownFileType = sourcecode.swift; path = TestTests.swift; sourceTree = "<group>"; };
		04288C091CCA08EE00ED2C43 /* Info.plist */ = {isa = PBXFileReference; lastKnownFileType = text.plist.xml; path = Info.plist; sourceTree = "<group>"; };
		04288C0E1CCA08EE00ED2C43 /* TestUITests.xctest */ = {isa = PBXFileReference; explicitFileType = wrapper.cfbundle; includeInIndex = 0; path = TestUITests.xctest; sourceTree = BUILT_PRODUCTS_DIR; };
		04288C121CCA08EE00ED2C43 /* TestUITests.swift */ = {isa = PBXFileReference; lastKnownFileType = sourcecode.swift; path = TestUITests.swift; sourceTree = "<group>"; };
		04288C141CCA08EE00ED2C43 /* Info.plist */ = {isa = PBXFileReference; lastKnownFileType = text.plist.xml; path = Info.plist; sourceTree = "<group>"; };
/* End PBXFileReference section */

/* Begin PBXFrameworksBuildPhase section */
		04288BEC1CCA08EE00ED2C43 /* Frameworks */ = {
			isa = PBXFrameworksBuildPhase;
			buildActionMask = 2147483647;
			files = (
			);
			runOnlyForDeploymentPostprocessing = 0;
		};
		04288C001CCA08EE00ED2C43 /* Frameworks */ = {
			isa = PBXFrameworksBuildPhase;
			buildActionMask = 2147483647;
			files = (
			);
			runOnlyForDeploymentPostprocessing = 0;
		};
		04288C0B1CCA08EE00ED2C43 /* Frameworks */ = {
			isa = PBXFrameworksBuildPhase;
			buildActionMask = 2147483647;
			files = (
			);
			runOnlyForDeploymentPostprocessing = 0;
		};
/* End PBXFrameworksBuildPhase section */

/* Begin PBXGroup section */
		04288BE61CCA08EE00ED2C43 = {
			isa = PBXGroup;
			children = (
				04288BF11CCA08EE00ED2C43 /* Test */,
				04288C061CCA08EE00ED2C43 /* TestTests */,
				04288C111CCA08EE00ED2C43 /* TestUITests */,
				04288BF01CCA08EE00ED2C43 /* Products */,
			);
			sourceTree = "<group>";
		};
		04288BF01CCA08EE00ED2C43 /* Products */ = {
			isa = PBXGroup;
			children = (
				04288BEF1CCA08EE00ED2C43 /* Test.app */,
				04288C031CCA08EE00ED2C43 /* TestTests.xctest */,
				04288C0E1CCA08EE00ED2C43 /* TestUITests.xctest */,
			);
			name = Products;
			sourceTree = "<group>";
		};
		04288BF11CCA08EE00ED2C43 /* Test */ = {
			isa = PBXGroup;
			children = (
				04288BF21CCA08EE00ED2C43 /* AppDelegate.swift */,
				04288BF41CCA08EE00ED2C43 /* ViewController.swift */,
				04288BF61CCA08EE00ED2C43 /* Main.storyboard */,
				04288BF91CCA08EE00ED2C43 /* Assets.xcassets */,
				04288BFB1CCA08EE00ED2C43 /* LaunchScreen.storyboard */,
				04288BFE1CCA08EE00ED2C43 /* Info.plist */,
			);
			path = Test;
			sourceTree = "<group>";
		};
		04288C061CCA08EE00ED2C43 /* TestTests */ = {
			isa = PBXGroup;
			children = (
				04288C071CCA08EE00ED2C43 /* TestTests.swift */,
				04288C091CCA08EE00ED2C43 /* Info.plist */,
			);
			path = TestTests;
			sourceTree = "<group>";
		};
		04288C111CCA08EE00ED2C43 /* TestUITests */ = {
			isa = PBXGroup;
			children = (
				04288C121CCA08EE00ED2C43 /* TestUITests.swift */,
				04288C141CCA08EE00ED2C43 /* Info.plist */,
			);
			path = TestUITests;
			sourceTree = "<group>";
		};
/* End PBXGroup section */

/* Begin PBXNativeTarget section */
		04288BEE1CCA08EE00ED2C43 /* Test */ = {
			isa = PBXNativeTarget;
			buildConfigurationList = 04288C171CCA08EE00ED2C43 /* Build configuration list for PBXNativeTarget "Test" */;
			buildPhases = (
				04288BEB1CCA08EE00ED2C43 /* Sources */,
				04288BEC1CCA08EE00ED2C43 /* Frameworks */,
				04288BED1CCA08EE00ED2C43 /* Resources */,
			);
			buildRules = (
			);
			dependencies = (
			);
			name = Test;
			productName = Test;
			productReference = 04288BEF1CCA08EE00ED2C43 /* Test.app */;
			productType = "com.apple.product-type.application";
		};
		04288C021CCA08EE00ED2C43 /* TestTests */ = {
			isa = PBXNativeTarget;
			buildConfigurationList = 04288C1A1CCA08EE00ED2C43 /* Build configuration list for PBXNativeTarget "TestTests" */;
			buildPhases = (
				04288BFF1CCA08EE00ED2C43 /* Sources */,
				04288C001CCA08EE00ED2C43 /* Frameworks */,
				04288C011CCA08EE00ED2C43 /* Resources */,
			);
			buildRules = (
			);
			dependencies = (
				04288C051CCA08EE00ED2C43 /* PBXTargetDependency */,
			);
			name = TestTests;
			productName = TestTests;
			productReference = 04288C031CCA08EE00ED2C43 /* TestTests.xctest */;
			productType = "com.apple.product-type.bundle.unit-test";
		};
		04288C0D1CCA08EE00ED2C43 /* TestUITests */ = {
			isa = PBXNativeTarget;
			buildConfigurationList = 04288C1D1CCA08EE00ED2C43 /* Build configuration list for PBXNativeTarget "TestUITests" */;
			buildPhases = (
				04288C0A1CCA08EE00ED2C43 /* Sources */,
				04288C0B1CCA08EE00ED2C43 /* Frameworks */,
				04288C0C1CCA08EE00ED2C43 /* Resources */,
			);
			buildRules = (
			);
			dependencies = (
				04288C101CCA08EE00ED2C43 /* PBXTargetDependency */,
			);
			name = TestUITests;
			productName = TestUITests;
			productReference = 04288C0E1CCA08EE00ED2C43 /* TestUITests.xctest */;
			productType = "com.apple.product-type.bundle.ui-testing";
		};
/* End PBXNativeTarget section */

/* Begin PBXProject section */
		04288BE71CCA08EE00ED2C43 /* Project object */ = {
			isa = PBXProject;
			attributes = {
				LastSwiftUpdateCheck = 0710;
				LastUpgradeCheck = 0710;
				ORGANIZATIONNAME = "徐密";
				TargetAttributes = {
					04288BEE1CCA08EE00ED2C43 = {
						CreatedOnToolsVersion = 7.1;
						DevelopmentTeam = 2YSSW5FZPU;
					};
					04288C021CCA08EE00ED2C43 = {
						CreatedOnToolsVersion = 7.1;
						DevelopmentTeam = 2YSSW5FZPU;
						TestTargetID = 04288BEE1CCA08EE00ED2C43;
					};
					04288C0D1CCA08EE00ED2C43 = {
						CreatedOnToolsVersion = 7.1;
						DevelopmentTeam = 2YSSW5FZPU;
						TestTargetID = 04288BEE1CCA08EE00ED2C43;
					};
				};
			};
			buildConfigurationList = 04288BEA1CCA08EE00ED2C43 /* Build configuration list for PBXProject "Test" */;
			compatibilityVersion = "Xcode 3.2";
			developmentRegion = English;
			hasScannedForEncodings = 0;
			knownRegions = (
				en,
				Base,
			);
			mainGroup = 04288BE61CCA08EE00ED2C43;
			productRefGroup = 04288BF01CCA08EE00ED2C43 /* Products */;
			projectDirPath = "";
			projectRoot = "";
			targets = (
				04288BEE1CCA08EE00ED2C43 /* Test */,
				04288C021CCA08EE00ED2C43 /* TestTests */,
				04288C0D1CCA08EE00ED2C43 /* TestUITests */,
			);
		};
/* End PBXProject section */

/* Begin PBXResourcesBuildPhase section */
		04288BED1CCA08EE00ED2C43 /* Resources */ = {
			isa = PBXResourcesBuildPhase;
			buildActionMask = 2147483647;
			files = (
				04288BFD1CCA08EE00ED2C43 /* LaunchScreen.storyboard in Resources */,
				04288BFA1CCA08EE00ED2C43 /* Assets.xcassets in Resources */,
				04288BF81CCA08EE00ED2C43 /* Main.storyboard in Resources */,
			);
			runOnlyForDeploymentPostprocessing = 0;
		};
		04288C011CCA08EE00ED2C43 /* Resources */ = {
			isa = PBXResourcesBuildPhase;
			buildActionMask = 2147483647;
			files = (
			);
			runOnlyForDeploymentPostprocessing = 0;
		};
		04288C0C1CCA08EE00ED2C43 /* Resources */ = {
			isa = PBXResourcesBuildPhase;
			buildActionMask = 2147483647;
			files = (
			);
			runOnlyForDeploymentPostprocessing = 0;
		};
/* End PBXResourcesBuildPhase section */

/* Begin PBXSourcesBuildPhase section */
		04288BEB1CCA08EE00ED2C43 /* Sources */ = {
			isa = PBXSourcesBuildPhase;
			buildActionMask = 2147483647;
			files = (
				04288BF51CCA08EE00ED2C43 /* ViewController.swift in Sources */,
				04288BF31CCA08EE00ED2C43 /* AppDelegate.swift in Sources */,
			);
			runOnlyForDeploymentPostprocessing = 0;
		};
		04288BFF1CCA08EE00ED2C43 /* Sources */ = {
			isa = PBXSourcesBuildPhase;
			buildActionMask = 2147483647;
			files = (
				04288C081CCA08EE00ED2C43 /* TestTests.swift in Sources */,
			);
			runOnlyForDeploymentPostprocessing = 0;
		};
		04288C0A1CCA08EE00ED2C43 /* Sources */ = {
			isa = PBXSourcesBuildPhase;
			buildActionMask = 2147483647;
			files = (
				04288C131CCA08EE00ED2C43 /* TestUITests.swift in Sources */,
			);
			runOnlyForDeploymentPostprocessing = 0;
		};
/* End PBXSourcesBuildPhase section */

/* Begin PBXTargetDependency section */
		04288C051CCA08EE00ED2C43 /* PBXTargetDependency */ = {
			isa = PBXTargetDependency;
			target = 04288BEE1CCA08EE00ED2C43 /* Test */;
			targetProxy = 04288C041CCA08EE00ED2C43 /* PBXContainerItemProxy */;
		};
		04288C101CCA08EE00ED2C43 /* PBXTargetDependency */ = {
			isa = PBXTargetDependency;
			target = 04288BEE1CCA08EE00ED2C43 /* Test */;
			targetProxy = 04288C0F1CCA08EE00ED2C43 /* PBXContainerItemProxy */;
		};
/* End PBXTargetDependency section */

/* Begin PBXVariantGroup section */
		04288BF61CCA08EE00ED2C43 /* Main.storyboard */ = {
			isa = PBXVariantGroup;
			children = (
				04288BF71CCA08EE00ED2C43 /* Base */,
			);
			name = Main.storyboard;
			sourceTree = "<group>";
		};
		04288BFB1CCA08EE00ED2C43 /* LaunchScreen.storyboard */ = {
			isa = PBXVariantGroup;
			children = (
				04288BFC1CCA08EE00ED2C43 /* Base */,
			);
			name = LaunchScreen.storyboard;
			sourceTree = "<group>";
		};
/* End PBXVariantGroup section */

/* Begin XCBuildConfiguration section */
		04288C151CCA08EE00ED2C43 /* Debug */ = {
			isa = XCBuildConfiguration;
			buildSettings = {
				ALWAYS_SEARCH_USER_PATHS = NO;
				CLANG_CXX_LANGUAGE_STANDARD = "gnu++0x";
				CLANG_CXX_LIBRARY = "libc++";
				CLANG_ENABLE_MODULES = YES;
				CLANG_ENABLE_OBJC_ARC = YES;
				CLANG_WARN_BOOL_CONVERSION = YES;
				CLANG_WARN_CONSTANT_CONVERSION = YES;
				CLANG_WARN_DIRECT_OBJC_ISA_USAGE = YES_ERROR;
				CLANG_WARN_EMPTY_BODY = YES;
				CLANG_WARN_ENUM_CONVERSION = YES;
				CLANG_WARN_INT_CONVERSION = YES;
				CLANG_WARN_OBJC_ROOT_CLASS = YES_ERROR;
				CLANG_WARN_UNREACHABLE_CODE = YES;
				CLANG_WARN__DUPLICATE_METHOD_MATCH = YES;
				"CODE_SIGN_IDENTITY[sdk=iphoneos*]" = "iPhone Developer";
				COPY_PHASE_STRIP = NO;
				DEBUG_INFORMATION_FORMAT = dwarf;
				ENABLE_STRICT_OBJC_MSGSEND = YES;
				ENABLE_TESTABILITY = YES;
				GCC_C_LANGUAGE_STANDARD = gnu99;
				GCC_DYNAMIC_NO_PIC = NO;
				GCC_NO_COMMON_BLOCKS = YES;
				GCC_OPTIMIZATION_LEVEL = 0;
				GCC_PREPROCESSOR_DEFINITIONS = (
					"DEBUG=1",
					"$(inherited)",
				);
				GCC_WARN_64_TO_32_BIT_CONVERSION = YES;
				GCC_WARN_ABOUT_RETURN_TYPE = YES_ERROR;
				GCC_WARN_UNDECLARED_SELECTOR = YES;
				GCC_WARN_UNINITIALIZED_AUTOS = YES_AGGRESSIVE;
				GCC_WARN_UNUSED_FUNCTION = YES;
				GCC_WARN_UNUSED_VARIABLE = YES;
				IPHONEOS_DEPLOYMENT_TARGET = 9.1;
				MTL_ENABLE_DEBUG_INFO = YES;
				ONLY_ACTIVE_ARCH = YES;
				SDKROOT = iphoneos;
				SWIFT_OPTIMIZATION_LEVEL = "-Onone";
			};
			name = Debug;
		};
		04288C161CCA08EE00ED2C43 /* Release */ = {
			isa = XCBuildConfiguration;
			buildSettings = {
				ALWAYS_SEARCH_USER_PATHS = NO;
				CLANG_CXX_LANGUAGE_STANDARD = "gnu++0x";
				CLANG_CXX_LIBRARY = "libc++";
				CLANG_ENABLE_MODULES = YES;
				CLANG_ENABLE_OBJC_ARC = YES;
				CLANG_WARN_BOOL_CONVERSION = YES;
				CLANG_WARN_CONSTANT_CONVERSION = YES;
				CLANG_WARN_DIRECT_OBJC_ISA_USAGE = YES_ERROR;
				CLANG_WARN_EMPTY_BODY = YES;
				CLANG_WARN_ENUM_CONVERSION = YES;
				CLANG_WARN_INT_CONVERSION = YES;
				CLANG_WARN_OBJC_ROOT_CLASS = YES_ERROR;
				CLANG_WARN_UNREACHABLE_CODE = YES;
				CLANG_WARN__DUPLICATE_METHOD_MATCH = YES;
				"CODE_SIGN_IDENTITY[sdk=iphoneos*]" = "iPhone Developer";
				COPY_PHASE_STRIP = NO;
				DEBUG_INFORMATION_FORMAT = "dwarf-with-dsym";
				ENABLE_NS_ASSERTIONS = NO;
				ENABLE_STRICT_OBJC_MSGSEND = YES;
				GCC_C_LANGUAGE_STANDARD = gnu99;
				GCC_NO_COMMON_BLOCKS = YES;
				GCC_WARN_64_TO_32_BIT_CONVERSION = YES;
				GCC_WARN_ABOUT_RETURN_TYPE = YES_ERROR;
				GCC_WARN_UNDECLARED_SELECTOR = YES;
				GCC_WARN_UNINITIALIZED_AUTOS = YES_AGGRESSIVE;
				GCC_WARN_UNUSED_FUNCTION = YES;
				GCC_WARN_UNUSED_VARIABLE = YES;
				IPHONEOS_DEPLOYMENT_TARGET = 9.1;
				MTL_ENABLE_DEBUG_INFO = NO;
				SDKROOT = iphoneos;
				VALIDATE_PRODUCT = YES;
			};
			name = Release;
		};
		04288C181CCA08EE00ED2C43 /* Debug */ = {
			isa = XCBuildConfiguration;
			buildSettings = {
				ASSETCATALOG_COMPILER_APPICON_NAME = AppIcon;
				INFOPLIST_FILE = Test/Info.plist;
				LD_RUNPATH_SEARCH_PATHS = "$(inherited) @executable_path/Frameworks";
				PRODUCT_BUNDLE_IDENTIFIER = "-111.Test";
				PRODUCT_NAME = "$(TARGET_NAME)";
			};
			name = Debug;
		};
		04288C191CCA08EE00ED2C43 /* Release */ = {
			isa = XCBuildConfiguration;
			buildSettings = {
				ASSETCATALOG_COMPILER_APPICON_NAME = AppIcon;
				INFOPLIST_FILE = Test/Info.plist;
				LD_RUNPATH_SEARCH_PATHS = "$(inherited) @executable_path/Frameworks";
				PRODUCT_BUNDLE_IDENTIFIER = "-111.Test";
				PRODUCT_NAME = "$(TARGET_NAME)";
			};
			name = Release;
		};
		04288C1B1CCA08EE00ED2C43 /* Debug */ = {
			isa = XCBuildConfiguration;
			buildSettings = {
				BUNDLE_LOADER = "$(TEST_HOST)";
				INFOPLIST_FILE = TestTests/Info.plist;
				LD_RUNPATH_SEARCH_PATHS = "$(inherited) @executable_path/Frameworks @loader_path/Frameworks";
				PRODUCT_BUNDLE_IDENTIFIER = "-111.TestTests";
				PRODUCT_NAME = "$(TARGET_NAME)";
				TEST_HOST = "$(BUILT_PRODUCTS_DIR)/Test.app/Test";
			};
			name = Debug;
		};
		04288C1C1CCA08EE00ED2C43 /* Release */ = {
			isa = XCBuildConfiguration;
			buildSettings = {
				BUNDLE_LOADER = "$(TEST_HOST)";
				INFOPLIST_FILE = TestTests/Info.plist;
				LD_RUNPATH_SEARCH_PATHS = "$(inherited) @executable_path/Frameworks @loader_path/Frameworks";
				PRODUCT_BUNDLE_IDENTIFIER = "-111.TestTests";
				PRODUCT_NAME = "$(TARGET_NAME)";
				TEST_HOST = "$(BUILT_PRODUCTS_DIR)/Test.app/Test";
			};
			name = Release;
		};
		04288C1E1CCA08EE00ED2C43 /* Debug */ = {
			isa = XCBuildConfiguration;
			buildSettings = {
				INFOPLIST_FILE = TestUITests/Info.plist;
				LD_RUNPATH_SEARCH_PATHS = "$(inherited) @executable_path/Frameworks @loader_path/Frameworks";
				PRODUCT_BUNDLE_IDENTIFIER = "-111.TestUITests";
				PRODUCT_NAME = "$(TARGET_NAME)";
				TEST_TARGET_NAME = Test;
				USES_XCTRUNNER = YES;
			};
			name = Debug;
		};
		04288C1F1CCA08EE00ED2C43 /* Release */ = {
			isa = XCBuildConfiguration;
			buildSettings = {
				INFOPLIST_FILE = TestUITests/Info.plist;
				LD_RUNPATH_SEARCH_PATHS = "$(inherited) @executable_path/Frameworks @loader_path/Frameworks";
				PRODUCT_BUNDLE_IDENTIFIER = "-111.TestUITests";
				PRODUCT_NAME = "$(TARGET_NAME)";
				TEST_TARGET_NAME = Test;
				USES_XCTRUNNER = YES;
			};
			name = Release;
		};
/* End XCBuildConfiguration section */

/* Begin XCConfigurationList section */
		04288BEA1CCA08EE00ED2C43 /* Build configuration list for PBXProject "Test" */ = {
			isa = XCConfigurationList;
			buildConfigurations = (
				04288C151CCA08EE00ED2C43 /* Debug */,
				04288C161CCA08EE00ED2C43 /* Release */,
			);
			defaultConfigurationIsVisible = 0;
			defaultConfigurationName = Release;
		};
		04288C171CCA08EE00ED2C43 /* Build configuration list for PBXNativeTarget "Test" */ = {
			isa = XCConfigurationList;
			buildConfigurations = (
				04288C181CCA08EE00ED2C43 /* Debug */,
				04288C191CCA08EE00ED2C43 /* Release */,
			);
			defaultConfigurationIsVisible = 0;
		};
		04288C1A1CCA08EE00ED2C43 /* Build configuration list for PBXNativeTarget "TestTests" */ = {
			isa = XCConfigurationList;
			buildConfigurations = (
				04288C1B1CCA08EE00ED2C43 /* Debug */,
				04288C1C1CCA08EE00ED2C43 /* Release */,
			);
			defaultConfigurationIsVisible = 0;
		};
		04288C1D1CCA08EE00ED2C43 /* Build configuration list for PBXNativeTarget "TestUITests" */ = {
			isa = XCConfigurationList;
			buildConfigurations = (
				04288C1E1CCA08EE00ED2C43 /* Debug */,
				04288C1F1CCA08EE00ED2C43 /* Release */,
			);
			defaultConfigurationIsVisible = 0;
		};
/* End XCConfigurationList section */
	};
	rootObject = 04288BE71CCA08EE00ED2C43 /* Project object */;
}
